
Microsoft Visual Studio Solution File, Format Version 12.00
# Visual Studio Version 16
VisualStudioVersion = 16.0.32413.511
MinimumVisualStudioVersion = 10.0.40219.1
Project("{FAE04EC0-301F-11D3-BF4B-00C04F79EFBC}") = "prjOrderApp.Android", "prjOrderApp\prjOrderApp.Android\prjOrderApp.Android.csproj", "{905367E4-FBF6-4FE0-A947-8AA503D00384}"
EndProject
Project("{FAE04EC0-301F-11D3-BF4B-00C04F79EFBC}") = "prjOrderApp.iOS", "prjOrderApp\prjOrderApp.iOS\prjOrderApp.iOS.csproj", "{E12592DE-8D57-4A34-BA84-7753C5425168}"
EndProject
Project("{FAE04EC0-301F-11D3-BF4B-00C04F79EFBC}") = "prjOrderApp", "prjOrderApp\prjOrderApp\prjOrderApp.csproj", "{E5B44F99-09D9-4741-8911-CDA15597EE1D}"
EndProject
Global
	GlobalSection(SolutionConfigurationPlatforms) = preSolution
		Debug|Any CPU = Debug|Any CPU
		Debug|iPhone = Debug|iPhone
		Debug|iPhoneSimulator = Debug|iPhoneSimulator
		Release|Any CPU = Release|Any CPU
		Release|iPhone = Release|iPhone
		Release|iPhoneSimulator = Release|iPhoneSimulator
	EndGlobalSection
	GlobalSection(ProjectConfigurationPlatforms) = postSolution
		{905367E4-FBF6-4FE0-A947-8AA503D00384}.Debug|Any CPU.ActiveCfg = Debug|Any CPU
		{905367E4-FBF6-4FE0-A947-8AA503D00384}.Debug|Any CPU.Build.0 = Debug|Any CPU
		{905367E4-FBF6-4FE0-A947-8AA503D00384}.Debug|Any CPU.Deploy.0 = Debug|Any CPU
		{905367E4-FBF6-4FE0-A947-8AA503D00384}.Debug|iPhone.ActiveCfg = Debug|Any CPU
		{905367E4-FBF6-4FE0-A947-8AA503D00384}.Debug|iPhone.Build.0 = Debug|Any CPU
		{905367E4-FBF6-4FE0-A947-8AA503D00384}.Debug|iPhone.Deploy.0 = Debug|Any CPU
		{905367E4-FBF6-4FE0-A947-8AA503D00384}.Debug|iPhoneSimulator.ActiveCfg = Debug|Any CPU
		{905367E4-FBF6-4FE0-A947-8AA503D00384}.Debug|iPhoneSimulator.Build.0 = Debug|Any CPU
		{905367E4-FBF6-4FE0-A947-8AA503D00384}.Debug|iPhoneSimulator.Deploy.0 = Debug|Any CPU
		{905367E4-FBF6-4FE0-A947-8AA503D00384}.Release|Any CPU.ActiveCfg = Release|Any CPU
		{905367E4-FBF6-4FE0-A947-8AA503D00384}.Release|Any CPU.Build.0 = Release|Any CPU
		{905367E4-FBF6-4FE0-A947-8AA503D00384}.Release|Any CPU.Deploy.0 = Release|Any CPU
		{905367E4-FBF6-4FE0-A947-8AA503D00384}.Release|iPhone.ActiveCfg = Release|Any CPU
		{905367E4-FBF6-4FE0-A947-8AA503D00384}.Release|iPhone.Build.0 = Release|Any CPU
		{905367E4-FBF6-4FE0-A947-8AA503D00384}.Release|iPhone.Deploy.0 = Release|Any CPU
		{905367E4-FBF6-4FE0-A947-8AA503D00384}.Release|iPhoneSimulator.ActiveCfg = Release|Any CPU
		{905367E4-FBF6-4FE0-A947-8AA503D00384}.Release|iPhoneSimulator.Build.0 = Release|Any CPU
		{905367E4-FBF6-4FE0-A947-8AA503D00384}.Release|iPhoneSimulator.Deploy.0 = Release|Any CPU
		{E12592DE-8D57-4A34-BA84-7753C5425168}.Debug|Any CPU.ActiveCfg = Debug|iPhone
		{E12592DE-8D57-4A34-BA84-7753C5425168}.Debug|Any CPU.Build.0 = Debug|iPhone
		{E12592DE-8D57-4A34-BA84-7753C5425168}.Debug|Any CPU.Deploy.0 = Debug|iPhone
		{E12592DE-8D57-4A34-BA84-7753C5425168}.Debug|iPhone.ActiveCfg = Debug|iPhone
		{E12592DE-8D57-4A34-BA84-7753C5425168}.Debug|iPhone.Build.0 = Debug|iPhone
		{E12592DE-8D57-4A34-BA84-7753C5425168}.Debug|iPhone.Deploy.0 = Debug|iPhone
		{E12592DE-8D57-4A34-BA84-7753C5425168}.Debug|iPhoneSimulator.ActiveCfg = Debug|iPhoneSimulator
		{E12592DE-8D57-4A34-BA84-7753C5425168}.Debug|iPhoneSimulator.Build.0 = Debug|iPhoneSimulator
		{E12592DE-8D57-4A34-BA84-7753C5425168}.Debug|iPhoneSimulator.Deploy.0 = Debug|iPhoneSimulator
		{E12592DE-8D57-4A34-BA84-7753C5425168}.Release|Any CPU.ActiveCfg = Release|iPhoneSimulator
		{E12592DE-8D57-4A34-BA84-7753C5425168}.Release|Any CPU.Build.0 = Release|iPhoneSimulator
		{E12592DE-8D57-4A34-BA84-7753C5425168}.Release|Any CPU.Deploy.0 = Release|iPhoneSimulator
		{E12592DE-8D57-4A34-BA84-7753C5425168}.Release|iPhone.ActiveCfg = Release|iPhone
		{E12592DE-8D57-4A34-BA84-7753C5425168}.Release|iPhone.Build.0 = Release|iPhone
		{E12592DE-8D57-4A34-BA84-7753C5425168}.Release|iPhone.Deploy.0 = Release|iPhone
		{E12592DE-8D57-4A34-BA84-7753C5425168}.Release|iPhoneSimulator.ActiveCfg = Release|iPhoneSimulator
		{E12592DE-8D57-4A34-BA84-7753C5425168}.Release|iPhoneSimulator.Build.0 = Release|iPhoneSimulator
		{E12592DE-8D57-4A34-BA84-7753C5425168}.Release|iPhoneSimulator.Deploy.0 = Release|iPhoneSimulator
		{E5B44F99-09D9-4741-8911-CDA15597EE1D}.Debug|Any CPU.ActiveCfg = Debug|Any CPU
		{E5B44F99-09D9-4741-8911-CDA15597EE1D}.Debug|Any CPU.Build.0 = Debug|Any CPU
		{E5B44F99-09D9-4741-8911-CDA15597EE1D}.Debug|Any CPU.Deploy.0 = Debug|Any CPU
		{E5B44F99-09D9-4741-8911-CDA15597EE1D}.Debug|iPhone.ActiveCfg = Debug|Any CPU
		{E5B44F99-09D9-4741-8911-CDA15597EE1D}.Debug|iPhone.Build.0 = Debug|Any CPU
		{E5B44F99-09D9-4741-8911-CDA15597EE1D}.Debug|iPhone.Deploy.0 = Debug|Any CPU
		{E5B44F99-09D9-4741-8911-CDA15597EE1D}.Debug|iPhoneSimulator.ActiveCfg = Debug|Any CPU
		{E5B44F99-09D9-4741-8911-CDA15597EE1D}.Debug|iPhoneSimulator.Build.0 = Debug|Any CPU
		{E5B44F99-09D9-4741-8911-CDA15597EE1D}.Debug|iPhoneSimulator.Deploy.0 = Debug|Any CPU
		{E5B44F99-09D9-4741-8911-CDA15597EE1D}.Release|Any CPU.ActiveCfg = Release|Any CPU
		{E5B44F99-09D9-4741-8911-CDA15597EE1D}.Release|Any CPU.Build.0 = Release|Any CPU
		{E5B44F99-09D9-4741-8911-CDA15597EE1D}.Release|Any CPU.Deploy.0 = Release|Any CPU
		{E5B44F99-09D9-4741-8911-CDA15597EE1D}.Release|iPhone.ActiveCfg = Release|Any CPU
		{E5B44F99-09D9-4741-8911-CDA15597EE1D}.Release|iPhone.Build.0 = Release|Any CPU
		{E5B44F99-09D9-4741-8911-CDA15597EE1D}.Release|iPhone.Deploy.0 = Release|Any CPU
		{E5B44F99-09D9-4741-8911-CDA15597EE1D}.Release|iPhoneSimulator.ActiveCfg = Release|Any CPU
		{E5B44F99-09D9-4741-8911-CDA15597EE1D}.Release|iPhoneSimulator.Build.0 = Release|Any CPU
		{E5B44F99-09D9-4741-8911-CDA15597EE1D}.Release|iPhoneSimulator.Deploy.0 = Release|Any CPU
	EndGlobalSection
	GlobalSection(SolutionProperties) = preSolution
		HideSolutionNode = FALSE
	EndGlobalSection
	GlobalSection(ExtensibilityGlobals) = postSolution
		SolutionGuid = {44783A63-A281-4C41-A818-D11A7F3368D5}
	EndGlobalSection
EndGlobal
